<?xml version="1.0" encoding="utf-8"?>
<Project ToolsVersion="17.0" xmlns="http://schemas.microsoft.com/developer/msbuild/2003">
  <ItemGroup>
    <CustomBuild Include="D:\docbackup\docbackup\CMakeFiles\e62ddc9bd88d936ff42403242b1df5a4\INSTALL_force.rule">
      <Filter>CMake Rules</Filter>
    </CustomBuild>
  </ItemGroup>
  <ItemGroup>
    <Filter Include="CMake Rules">
      <UniqueIdentifier>{5E7D409B-8DA9-3A4B-AB6A-10FCBFB4754A}</UniqueIdentifier>
    </Filter>
  </ItemGroup>
</Project>
